
Microsoft Visual Studio Solution File, Format Version 12.00
# Visual Studio Version 17
VisualStudioVersion = 17.4.33213.308
MinimumVisualStudioVersion = 10.0.40219.1
Project("{9A19103F-16F7-4668-BE54-9A1E7A4F7556}") = "MoneyAdministrator", "MoneyAdministrator\MoneyAdministrator.csproj", "{E07F47D5-A7A0-427A-8A34-67F6E58EDBEF}"
EndProject
Project("{9A19103F-16F7-4668-BE54-9A1E7A4F7556}") = "MoneyAdministrator.Models", "MoneyAdministrator.Models\MoneyAdministrator.Models.csproj", "{31C828D0-BB67-4711-8F83-4E27A965F704}"
EndProject
Project("{9A19103F-16F7-4668-BE54-9A1E7A4F7556}") = "MoneyAdministrator.DataAccess", "MoneyAdministrator.DataAccess\MoneyAdministrator.DataAccess.csproj", "{BF736D83-B70A-4995-9E98-763EBE3CDA23}"
EndProject
Project("{9A19103F-16F7-4668-BE54-9A1E7A4F7556}") = "MoneyAdministrator.Services", "MoneyAdministrator.Services\MoneyAdministrator.Services.csproj", "{D0C56CDC-5FF8-427E-BF1C-1DDEC73064B5}"
EndProject
Project("{9A19103F-16F7-4668-BE54-9A1E7A4F7556}") = "MoneyAdministrator.CustomControls", "MoneyAdministrator.CustomControls\MoneyAdministrator.CustomControls.csproj", "{A3EA0AD4-BDDD-48DE-8B4A-0DDE326212E9}"
EndProject
Project("{9A19103F-16F7-4668-BE54-9A1E7A4F7556}") = "MoneyAdministrator.DTOs", "MoneyAdministrator.DTOs\MoneyAdministrator.DTOs.csproj", "{F0072D86-2D87-402D-A1FC-697858D664CB}"
EndProject
Project("{FAE04EC0-301F-11D3-BF4B-00C04F79EFBC}") = "MoneyAdministrator.Module.ImportHsbcSummary", "MoneyAdministrator.Module.ImportHsbcSummary\MoneyAdministrator.Module.ImportHsbcSummary.csproj", "{F538B4D0-902D-4FA3-B41C-3039C4F4B914}"
EndProject
Global
	GlobalSection(SolutionConfigurationPlatforms) = preSolution
		Debug|Any CPU = Debug|Any CPU
		Release|Any CPU = Release|Any CPU
	EndGlobalSection
	GlobalSection(ProjectConfigurationPlatforms) = postSolution
		{E07F47D5-A7A0-427A-8A34-67F6E58EDBEF}.Debug|Any CPU.ActiveCfg = Debug|Any CPU
		{E07F47D5-A7A0-427A-8A34-67F6E58EDBEF}.Debug|Any CPU.Build.0 = Debug|Any CPU
		{E07F47D5-A7A0-427A-8A34-67F6E58EDBEF}.Release|Any CPU.ActiveCfg = Release|Any CPU
		{E07F47D5-A7A0-427A-8A34-67F6E58EDBEF}.Release|Any CPU.Build.0 = Release|Any CPU
		{31C828D0-BB67-4711-8F83-4E27A965F704}.Debug|Any CPU.ActiveCfg = Debug|Any CPU
		{31C828D0-BB67-4711-8F83-4E27A965F704}.Debug|Any CPU.Build.0 = Debug|Any CPU
		{31C828D0-BB67-4711-8F83-4E27A965F704}.Release|Any CPU.ActiveCfg = Release|Any CPU
		{31C828D0-BB67-4711-8F83-4E27A965F704}.Release|Any CPU.Build.0 = Release|Any CPU
		{BF736D83-B70A-4995-9E98-763EBE3CDA23}.Debug|Any CPU.ActiveCfg = Debug|Any CPU
		{BF736D83-B70A-4995-9E98-763EBE3CDA23}.Debug|Any CPU.Build.0 = Debug|Any CPU
		{BF736D83-B70A-4995-9E98-763EBE3CDA23}.Release|Any CPU.ActiveCfg = Release|Any CPU
		{BF736D83-B70A-4995-9E98-763EBE3CDA23}.Release|Any CPU.Build.0 = Release|Any CPU
		{D0C56CDC-5FF8-427E-BF1C-1DDEC73064B5}.Debug|Any CPU.ActiveCfg = Debug|Any CPU
		{D0C56CDC-5FF8-427E-BF1C-1DDEC73064B5}.Debug|Any CPU.Build.0 = Debug|Any CPU
		{D0C56CDC-5FF8-427E-BF1C-1DDEC73064B5}.Release|Any CPU.ActiveCfg = Release|Any CPU
		{D0C56CDC-5FF8-427E-BF1C-1DDEC73064B5}.Release|Any CPU.Build.0 = Release|Any CPU
		{A3EA0AD4-BDDD-48DE-8B4A-0DDE326212E9}.Debug|Any CPU.ActiveCfg = Debug|Any CPU
		{A3EA0AD4-BDDD-48DE-8B4A-0DDE326212E9}.Debug|Any CPU.Build.0 = Debug|Any CPU
		{A3EA0AD4-BDDD-48DE-8B4A-0DDE326212E9}.Release|Any CPU.ActiveCfg = Release|Any CPU
		{A3EA0AD4-BDDD-48DE-8B4A-0DDE326212E9}.Release|Any CPU.Build.0 = Release|Any CPU
		{F0072D86-2D87-402D-A1FC-697858D664CB}.Debug|Any CPU.ActiveCfg = Debug|Any CPU
		{F0072D86-2D87-402D-A1FC-697858D664CB}.Debug|Any CPU.Build.0 = Debug|Any CPU
		{F0072D86-2D87-402D-A1FC-697858D664CB}.Release|Any CPU.ActiveCfg = Release|Any CPU
		{F0072D86-2D87-402D-A1FC-697858D664CB}.Release|Any CPU.Build.0 = Release|Any CPU
		{F538B4D0-902D-4FA3-B41C-3039C4F4B914}.Debug|Any CPU.ActiveCfg = Debug|Any CPU
		{F538B4D0-902D-4FA3-B41C-3039C4F4B914}.Debug|Any CPU.Build.0 = Debug|Any CPU
		{F538B4D0-902D-4FA3-B41C-3039C4F4B914}.Release|Any CPU.ActiveCfg = Release|Any CPU
		{F538B4D0-902D-4FA3-B41C-3039C4F4B914}.Release|Any CPU.Build.0 = Release|Any CPU
	EndGlobalSection
	GlobalSection(SolutionProperties) = preSolution
		HideSolutionNode = FALSE
	EndGlobalSection
	GlobalSection(ExtensibilityGlobals) = postSolution
		SolutionGuid = {DE5C2649-E513-4D6A-899F-6BBFACD3B82B}
	EndGlobalSection
EndGlobal
